{
    "_readme": [
        "This file locks the dependencies of your project to a known state",
        "Read more about it at https://getcomposer.org/doc/01-basic-usage.md#installing-dependencies",
        "This file is @generated automatically"
    ],
    "content-hash": "7e8ddec4c62b3aa806cfc967ef3c533a",
    "packages": [
        {
            "name": "pixelfear/composer-dist-plugin",
            "version": "v0.1.6",
            "source": {
                "type": "git",
                "url": "https://github.com/pixelfear/composer-dist-plugin.git",
                "reference": "40cd101208c975fd14e5f3b5b0710cf6cd0084d5"
            },
            "dist": {
                "type": "zip",
                "url": "https://api.github.com/repos/pixelfear/composer-dist-plugin/zipball/40cd101208c975fd14e5f3b5b0710cf6cd0084d5",
                "reference": "40cd101208c975fd14e5f3b5b0710cf6cd0084d5",
                "shasum": ""
            },
            "require": {
                "composer-plugin-api": "^1.1 || ^2.0"
            },
            "require-dev": {
                "composer/composer": "^1.10",
                "mockery/mockery": "^1.3",
                "phpunit/phpunit": "^8.4"
            },
            "type": "composer-plugin",
            "extra": {
                "class": "Pixelfear\\ComposerDistPlugin\\Plugin"
            },
            "autoload": {
                "psr-4": {
                    "Pixelfear\\ComposerDistPlugin\\": "src/"
                }
            },
            "notification-url": "https://packagist.org/downloads/",
            "license": [
                "MIT"
            ],
            "description": "Downloads distributable assets to be used in packages so you don't have to commit them.",
            "support": {
                "issues": "https://github.com/pixelfear/composer-dist-plugin/issues",
                "source": "https://github.com/pixelfear/composer-dist-plugin/tree/v0.1.6"
            },
            "funding": [
                {
                    "url": "https://github.com/jasonvarga",
                    "type": "github"
                }
            ],
            "time": "2021-05-24T14:05:38+00:00"
        }
    ],
    "packages-dev": [],
    "aliases": [],
    "minimum-stability": "stable",
    "stability-flags": [],
    "prefer-stable": false,
    "prefer-lowest": false,
    "platform": [],
    "platform-dev": [],
    "plugin-api-version": "2.3.0"
}
